
Microsoft Visual Studio Solution File, Format Version 12.00
# Visual Studio Version 16
VisualStudioVersion = 16.0.29709.97
MinimumVisualStudioVersion = 10.0.40219.1
Project("{FAE04EC0-301F-11D3-BF4B-00C04F79EFBC}") = "EonixHtmlControlsDynamics", "EonixHtmlControlsDynamics\EonixHtmlControlsDynamics.csproj", "{FE34DE65-6A4F-4E81-BFA6-42E68A386F13}"
EndProject
Global
	GlobalSection(SolutionConfigurationPlatforms) = preSolution
		Debug|Any CPU = Debug|Any CPU
		Release|Any CPU = Release|Any CPU
	EndGlobalSection
	GlobalSection(ProjectConfigurationPlatforms) = postSolution
		{FE34DE65-6A4F-4E81-BFA6-42E68A386F13}.Debug|Any CPU.ActiveCfg = Debug|Any CPU
		{FE34DE65-6A4F-4E81-BFA6-42E68A386F13}.Debug|Any CPU.Build.0 = Debug|Any CPU
		{FE34DE65-6A4F-4E81-BFA6-42E68A386F13}.Release|Any CPU.ActiveCfg = Release|Any CPU
		{FE34DE65-6A4F-4E81-BFA6-42E68A386F13}.Release|Any CPU.Build.0 = Release|Any CPU
	EndGlobalSection
	GlobalSection(SolutionProperties) = preSolution
		HideSolutionNode = FALSE
	EndGlobalSection
	GlobalSection(ExtensibilityGlobals) = postSolution
		SolutionGuid = {4AD2A8DB-CB67-49F0-9733-F1DC52DF685A}
	EndGlobalSection
EndGlobal
